
Microsoft Visual Studio Solution File, Format Version 12.00
# Visual Studio Version 16
VisualStudioVersion = 16.0.28407.52
MinimumVisualStudioVersion = 10.0.40219.1
Project("{9A19103F-16F7-4668-BE54-9A1E7A4F7556}") = "HPeSimpleParser", "HPeSimpleParser\HPeSimpleParser.csproj", "{F31A5964-AD03-4EC7-B245-C865B8E0C88D}"
EndProject
Project("{9A19103F-16F7-4668-BE54-9A1E7A4F7556}") = "HPeSimpleParser.Test", "HPeSimpleParser.Test\HPeSimpleParser.Test.csproj", "{50BD4159-D4C4-4862-9064-89E7810771A9}"
EndProject
Project("{9A19103F-16F7-4668-BE54-9A1E7A4F7556}") = "FSSystem.ContentAdapter.GenericOutput", "FSSystem.ContentAdapter.GenericOutput\FSSystem.ContentAdapter.GenericOutput.csproj", "{23A4554A-5FEC-4114-82F0-C1ADD2EB1D2D}"
EndProject
Project("{9A19103F-16F7-4668-BE54-9A1E7A4F7556}") = "FSSystem.ContentAdapter.Model", "FSSystem.ContentAdapter.Model\FSSystem.ContentAdapter.Model.csproj", "{8492E862-6D13-4F2F-855C-30566EC33E7A}"
EndProject
Project("{9A19103F-16F7-4668-BE54-9A1E7A4F7556}") = "FSSystem.ContentAdapter.HPEAndHPInc", "FSSystem.ContentAdapter.HPEAndHPInc\FSSystem.ContentAdapter.HPEAndHPInc.csproj", "{D65733BE-E78E-494A-A9FA-EADD3BFC5F1D}"
EndProject
Global
	GlobalSection(SolutionConfigurationPlatforms) = preSolution
		Debug|Any CPU = Debug|Any CPU
		Release|Any CPU = Release|Any CPU
	EndGlobalSection
	GlobalSection(ProjectConfigurationPlatforms) = postSolution
		{F31A5964-AD03-4EC7-B245-C865B8E0C88D}.Debug|Any CPU.ActiveCfg = Debug|Any CPU
		{F31A5964-AD03-4EC7-B245-C865B8E0C88D}.Debug|Any CPU.Build.0 = Debug|Any CPU
		{F31A5964-AD03-4EC7-B245-C865B8E0C88D}.Release|Any CPU.ActiveCfg = Release|Any CPU
		{F31A5964-AD03-4EC7-B245-C865B8E0C88D}.Release|Any CPU.Build.0 = Release|Any CPU
		{50BD4159-D4C4-4862-9064-89E7810771A9}.Debug|Any CPU.ActiveCfg = Debug|Any CPU
		{50BD4159-D4C4-4862-9064-89E7810771A9}.Debug|Any CPU.Build.0 = Debug|Any CPU
		{50BD4159-D4C4-4862-9064-89E7810771A9}.Release|Any CPU.ActiveCfg = Release|Any CPU
		{50BD4159-D4C4-4862-9064-89E7810771A9}.Release|Any CPU.Build.0 = Release|Any CPU
		{23A4554A-5FEC-4114-82F0-C1ADD2EB1D2D}.Debug|Any CPU.ActiveCfg = Debug|Any CPU
		{23A4554A-5FEC-4114-82F0-C1ADD2EB1D2D}.Debug|Any CPU.Build.0 = Debug|Any CPU
		{23A4554A-5FEC-4114-82F0-C1ADD2EB1D2D}.Release|Any CPU.ActiveCfg = Release|Any CPU
		{23A4554A-5FEC-4114-82F0-C1ADD2EB1D2D}.Release|Any CPU.Build.0 = Release|Any CPU
		{8492E862-6D13-4F2F-855C-30566EC33E7A}.Debug|Any CPU.ActiveCfg = Debug|Any CPU
		{8492E862-6D13-4F2F-855C-30566EC33E7A}.Debug|Any CPU.Build.0 = Debug|Any CPU
		{8492E862-6D13-4F2F-855C-30566EC33E7A}.Release|Any CPU.ActiveCfg = Release|Any CPU
		{8492E862-6D13-4F2F-855C-30566EC33E7A}.Release|Any CPU.Build.0 = Release|Any CPU
		{D65733BE-E78E-494A-A9FA-EADD3BFC5F1D}.Debug|Any CPU.ActiveCfg = Debug|Any CPU
		{D65733BE-E78E-494A-A9FA-EADD3BFC5F1D}.Debug|Any CPU.Build.0 = Debug|Any CPU
		{D65733BE-E78E-494A-A9FA-EADD3BFC5F1D}.Release|Any CPU.ActiveCfg = Release|Any CPU
		{D65733BE-E78E-494A-A9FA-EADD3BFC5F1D}.Release|Any CPU.Build.0 = Release|Any CPU
	EndGlobalSection
	GlobalSection(SolutionProperties) = preSolution
		HideSolutionNode = FALSE
	EndGlobalSection
	GlobalSection(ExtensibilityGlobals) = postSolution
		SolutionGuid = {1E108E8D-FA67-4D51-A68F-956F15E28A55}
	EndGlobalSection
	GlobalSection(Performance) = preSolution
		HasPerformanceSessions = true
	EndGlobalSection
EndGlobal
